{"is_source_file": false, "format": "", "description": "", "external_files": [], "external_methods": [], "published": [], "classes": [], "methods": [], "calls": [], "search-terms": [], "state": 2, "file_id": 15, "knowledge_revision": 29, "git_revision": "e3256c9540d44d95154d5192d9a0f7f8a51ba78f", "hash": "9c4ed7ef73e22b872b8055bec08b8979", "format-version": 4, "code-base-name": "default", "filename": "luxmatch_pro/post_process_status.lock", "revision_history": [{"29": "e3256c9540d44d95154d5192d9a0f7f8a51ba78f"}]}