{"is_source_file": false, "format": "", "description": "", "external_files": [], "external_methods": [], "published": [], "classes": [], "methods": [], "calls": [], "search-terms": [], "state": 2, "file_id": 9, "knowledge_revision": 31, "git_revision": "b93f1af583ac950bd8561062a5ba2146d0a70691", "hash": "9c4ed7ef73e22b872b8055bec08b8979", "format-version": 4, "code-base-name": "default", "filename": "luxmatch_pro/post_process_status.lock", "revision_history": [{"31": "b93f1af583ac950bd8561062a5ba2146d0a70691"}]}