{"is_source_file": false, "format": "", "description": "", "external_files": [], "external_methods": [], "published": [], "classes": [], "methods": [], "calls": [], "search-terms": [], "state": 2, "file_id": 32, "knowledge_revision": 61, "git_revision": "c98d2b862a5e4508aae881ab26d84c40b4608121", "hash": "b7eea264a73aebd06432ef6588eb3d52", "format-version": 4, "code-base-name": "default", "filename": "luxmatch_pro/post_process_status.lock", "revision_history": [{"61": "c98d2b862a5e4508aae881ab26d84c40b4608121"}]}